
Microsoft Visual Studio Solution File, Format Version 12.00
# Visual Studio Version 16
VisualStudioVersion = 16.0.31729.503
MinimumVisualStudioVersion = 10.0.40219.1
Project("{FAE04EC0-301F-11D3-BF4B-00C04F79EFBC}") = "Jasper_Dick_Project-ICT_LED_Cube", "Jasper_Dick_Project-ICT_LED_Cube\Jasper_Dick_Project-ICT_LED_Cube.csproj", "{4DF51EA5-E0FB-4CDB-ABAD-C073CED293CD}"
EndProject
Global
	GlobalSection(SolutionConfigurationPlatforms) = preSolution
		Debug|Any CPU = Debug|Any CPU
		Release|Any CPU = Release|Any CPU
	EndGlobalSection
	GlobalSection(ProjectConfigurationPlatforms) = postSolution
		{4DF51EA5-E0FB-4CDB-ABAD-C073CED293CD}.Debug|Any CPU.ActiveCfg = Debug|Any CPU
		{4DF51EA5-E0FB-4CDB-ABAD-C073CED293CD}.Debug|Any CPU.Build.0 = Debug|Any CPU
		{4DF51EA5-E0FB-4CDB-ABAD-C073CED293CD}.Release|Any CPU.ActiveCfg = Release|Any CPU
		{4DF51EA5-E0FB-4CDB-ABAD-C073CED293CD}.Release|Any CPU.Build.0 = Release|Any CPU
	EndGlobalSection
	GlobalSection(SolutionProperties) = preSolution
		HideSolutionNode = FALSE
	EndGlobalSection
	GlobalSection(ExtensibilityGlobals) = postSolution
		SolutionGuid = {DED73BD3-C8B5-4445-B3E0-0385BC964AEC}
	EndGlobalSection
EndGlobal
